
Microsoft Visual Studio Solution File, Format Version 12.00
# Visual Studio 15
VisualStudioVersion = 15.0.27703.2000
MinimumVisualStudioVersion = 10.0.40219.1
Project("{FAE04EC0-301F-11D3-BF4B-00C04F79EFBC}") = "ConsoleApp1", "ConsoleApp1.csproj", "{594F8C9F-FC1B-425E-82D3-2A650647064C}"
EndProject
Global
	GlobalSection(SolutionConfigurationPlatforms) = preSolution
		Debug|Any CPU = Debug|Any CPU
		Release|Any CPU = Release|Any CPU
	EndGlobalSection
	GlobalSection(ProjectConfigurationPlatforms) = postSolution
		{594F8C9F-FC1B-425E-82D3-2A650647064C}.Debug|Any CPU.ActiveCfg = Debug|Any CPU
		{594F8C9F-FC1B-425E-82D3-2A650647064C}.Debug|Any CPU.Build.0 = Debug|Any CPU
		{594F8C9F-FC1B-425E-82D3-2A650647064C}.Release|Any CPU.ActiveCfg = Release|Any CPU
		{594F8C9F-FC1B-425E-82D3-2A650647064C}.Release|Any CPU.Build.0 = Release|Any CPU
	EndGlobalSection
	GlobalSection(SolutionProperties) = preSolution
		HideSolutionNode = FALSE
	EndGlobalSection
	GlobalSection(ExtensibilityGlobals) = postSolution
		SolutionGuid = {5C8D674D-015A-438E-B14B-24178DD55F6D}
	EndGlobalSection
EndGlobal
